
Microsoft Visual Studio Solution File, Format Version 12.00
# Visual Studio Version 16
VisualStudioVersion = 16.0.29911.84
MinimumVisualStudioVersion = 10.0.40219.1
Project("{FAE04EC0-301F-11D3-BF4B-00C04F79EFBC}") = "Demo6.Web", "Demo6.Web\Demo6.Web.csproj", "{EC8C653B-DA61-4BA1-9254-3612D758B30A}"
EndProject
Global
	GlobalSection(SolutionConfigurationPlatforms) = preSolution
		Debug|Any CPU = Debug|Any CPU
		Release|Any CPU = Release|Any CPU
	EndGlobalSection
	GlobalSection(ProjectConfigurationPlatforms) = postSolution
		{EC8C653B-DA61-4BA1-9254-3612D758B30A}.Debug|Any CPU.ActiveCfg = Debug|Any CPU
		{EC8C653B-DA61-4BA1-9254-3612D758B30A}.Debug|Any CPU.Build.0 = Debug|Any CPU
		{EC8C653B-DA61-4BA1-9254-3612D758B30A}.Release|Any CPU.ActiveCfg = Release|Any CPU
		{EC8C653B-DA61-4BA1-9254-3612D758B30A}.Release|Any CPU.Build.0 = Release|Any CPU
	EndGlobalSection
	GlobalSection(SolutionProperties) = preSolution
		HideSolutionNode = FALSE
	EndGlobalSection
	GlobalSection(ExtensibilityGlobals) = postSolution
		SolutionGuid = {72D7A5FE-35CB-4242-8AE4-75F9BED714BD}
	EndGlobalSection
EndGlobal
